// !$*UTF8*$!
{
	archiveVersion = 1;
	classes = {
	};
	objectVersion = 50;
	objects = {

/* Begin PBXBuildFile section */
		A41454AA23A44842003FA791 /* AppDelegate.swift in Sources */ = {isa = PBXBuildFile; fileRef = A41454A923A44842003FA791 /* AppDelegate.swift */; };
		A41454AC23A44842003FA791 /* SceneDelegate.swift in Sources */ = {isa = PBXBuildFile; fileRef = A41454AB23A44842003FA791 /* SceneDelegate.swift */; };
		A41454AE23A44842003FA791 /* ViewController.swift in Sources */ = {isa = PBXBuildFile; fileRef = A41454AD23A44842003FA791 /* ViewController.swift */; };
		A41454B123A44842003FA791 /* Main.storyboard in Resources */ = {isa = PBXBuildFile; fileRef = A41454AF23A44842003FA791 /* Main.storyboard */; };
		A41454B323A44843003FA791 /* Assets.xcassets in Resources */ = {isa = PBXBuildFile; fileRef = A41454B223A44843003FA791 /* Assets.xcassets */; };
		A41454B623A44843003FA791 /* LaunchScreen.storyboard in Resources */ = {isa = PBXBuildFile; fileRef = A41454B423A44843003FA791 /* LaunchScreen.storyboard */; };
		A41454C023A8C3D8003FA791 /* AVFoundation.framework in Frameworks */ = {isa = PBXBuildFile; fileRef = A41454BE23A8C369003FA791 /* AVFoundation.framework */; };
		A43E932B24389FAB00884AF8 /* KeypressStandard.mp3 in Resources */ = {isa = PBXBuildFile; fileRef = A43E932724389FAB00884AF8 /* KeypressStandard.mp3 */; };
		A43E932C24389FAB00884AF8 /* KeypressSpacebar.mp3 in Resources */ = {isa = PBXBuildFile; fileRef = A43E932824389FAB00884AF8 /* KeypressSpacebar.mp3 */; };
		A43E932D24389FAB00884AF8 /* KeypressDelete.mp3 in Resources */ = {isa = PBXBuildFile; fileRef = A43E932924389FAB00884AF8 /* KeypressDelete.mp3 */; };
		A43E932E24389FAB00884AF8 /* KeypressReturn.mp3 in Resources */ = {isa = PBXBuildFile; fileRef = A43E932A24389FAB00884AF8 /* KeypressReturn.mp3 */; };
/* End PBXBuildFile section */

/* Begin PBXFileReference section */
		A41454A623A44842003FA791 /* SuperCalc+.app */ = {isa = PBXFileReference; explicitFileType = wrapper.application; includeInIndex = 0; path = "SuperCalc+.app"; sourceTree = BUILT_PRODUCTS_DIR; };
		A41454A923A44842003FA791 /* AppDelegate.swift */ = {isa = PBXFileReference; lastKnownFileType = sourcecode.swift; path = AppDelegate.swift; sourceTree = "<group>"; };
		A41454AB23A44842003FA791 /* SceneDelegate.swift */ = {isa = PBXFileReference; lastKnownFileType = sourcecode.swift; path = SceneDelegate.swift; sourceTree = "<group>"; };
		A41454AD23A44842003FA791 /* ViewController.swift */ = {isa = PBXFileReference; lastKnownFileType = sourcecode.swift; path = ViewController.swift; sourceTree = "<group>"; };
		A41454B023A44842003FA791 /* Base */ = {isa = PBXFileReference; lastKnownFileType = file.storyboard; name = Base; path = Base.lproj/Main.storyboard; sourceTree = "<group>"; };
		A41454B223A44843003FA791 /* Assets.xcassets */ = {isa = PBXFileReference; lastKnownFileType = folder.assetcatalog; path = Assets.xcassets; sourceTree = "<group>"; };
		A41454B523A44843003FA791 /* Base */ = {isa = PBXFileReference; lastKnownFileType = file.storyboard; name = Base; path = Base.lproj/LaunchScreen.storyboard; sourceTree = "<group>"; };
		A41454B723A44843003FA791 /* Info.plist */ = {isa = PBXFileReference; lastKnownFileType = text.plist.xml; path = Info.plist; sourceTree = "<group>"; };
		A41454BE23A8C369003FA791 /* AVFoundation.framework */ = {isa = PBXFileReference; lastKnownFileType = wrapper.framework; name = AVFoundation.framework; path = System/Library/Frameworks/AVFoundation.framework; sourceTree = SDKROOT; };
		A43E932724389FAB00884AF8 /* KeypressStandard.mp3 */ = {isa = PBXFileReference; lastKnownFileType = audio.mp3; path = KeypressStandard.mp3; sourceTree = "<group>"; };
		A43E932824389FAB00884AF8 /* KeypressSpacebar.mp3 */ = {isa = PBXFileReference; lastKnownFileType = audio.mp3; path = KeypressSpacebar.mp3; sourceTree = "<group>"; };
		A43E932924389FAB00884AF8 /* KeypressDelete.mp3 */ = {isa = PBXFileReference; lastKnownFileType = audio.mp3; path = KeypressDelete.mp3; sourceTree = "<group>"; };
		A43E932A24389FAB00884AF8 /* KeypressReturn.mp3 */ = {isa = PBXFileReference; lastKnownFileType = audio.mp3; path = KeypressReturn.mp3; sourceTree = "<group>"; };
/* End PBXFileReference section */

/* Begin PBXFrameworksBuildPhase section */
		A41454A323A44842003FA791 /* Frameworks */ = {
			isa = PBXFrameworksBuildPhase;
			buildActionMask = 2147483647;
			files = (
				A41454C023A8C3D8003FA791 /* AVFoundation.framework in Frameworks */,
			);
			runOnlyForDeploymentPostprocessing = 0;
		};
/* End PBXFrameworksBuildPhase section */

/* Begin PBXGroup section */
		A414549D23A44842003FA791 = {
			isa = PBXGroup;
			children = (
				A41454A823A44842003FA791 /* SuperCalc+ */,
				A41454A723A44842003FA791 /* Products */,
				A41454BD23A8C367003FA791 /* Frameworks */,
			);
			sourceTree = "<group>";
		};
		A41454A723A44842003FA791 /* Products */ = {
			isa = PBXGroup;
			children = (
				A41454A623A44842003FA791 /* SuperCalc+.app */,
			);
			name = Products;
			sourceTree = "<group>";
		};
		A41454A823A44842003FA791 /* SuperCalc+ */ = {
			isa = PBXGroup;
			children = (
				A41454A923A44842003FA791 /* AppDelegate.swift */,
				A41454AB23A44842003FA791 /* SceneDelegate.swift */,
				A41454AD23A44842003FA791 /* ViewController.swift */,
				A41454AF23A44842003FA791 /* Main.storyboard */,
				A41454B223A44843003FA791 /* Assets.xcassets */,
				A41454B423A44843003FA791 /* LaunchScreen.storyboard */,
				A41454B723A44843003FA791 /* Info.plist */,
				A41454C923A8C6AE003FA791 /* Sounds */,
			);
			path = "SuperCalc+";
			sourceTree = "<group>";
		};
		A41454BD23A8C367003FA791 /* Frameworks */ = {
			isa = PBXGroup;
			children = (
				A41454BE23A8C369003FA791 /* AVFoundation.framework */,
			);
			name = Frameworks;
			sourceTree = "<group>";
		};
		A41454C923A8C6AE003FA791 /* Sounds */ = {
			isa = PBXGroup;
			children = (
				A43E932924389FAB00884AF8 /* KeypressDelete.mp3 */,
				A43E932A24389FAB00884AF8 /* KeypressReturn.mp3 */,
				A43E932824389FAB00884AF8 /* KeypressSpacebar.mp3 */,
				A43E932724389FAB00884AF8 /* KeypressStandard.mp3 */,
			);
			path = Sounds;
			sourceTree = "<group>";
		};
/* End PBXGroup section */

/* Begin PBXNativeTarget section */
		A41454A523A44842003FA791 /* SuperCalc+ */ = {
			isa = PBXNativeTarget;
			buildConfigurationList = A41454BA23A44843003FA791 /* Build configuration list for PBXNativeTarget "SuperCalc+" */;
			buildPhases = (
				A41454A223A44842003FA791 /* Sources */,
				A41454A323A44842003FA791 /* Frameworks */,
				A41454A423A44842003FA791 /* Resources */,
			);
			buildRules = (
			);
			dependencies = (
			);
			name = "SuperCalc+";
			productName = "SuperCalc+";
			productReference = A41454A623A44842003FA791 /* SuperCalc+.app */;
			productType = "com.apple.product-type.application";
		};
/* End PBXNativeTarget section */

/* Begin PBXProject section */
		A414549E23A44842003FA791 /* Project object */ = {
			isa = PBXProject;
			attributes = {
				LastSwiftUpdateCheck = 1120;
				LastUpgradeCheck = 1120;
				ORGANIZATIONNAME = "Adithya Nair";
				TargetAttributes = {
					A41454A523A44842003FA791 = {
						CreatedOnToolsVersion = 11.2.1;
					};
				};
			};
			buildConfigurationList = A41454A123A44842003FA791 /* Build configuration list for PBXProject "SuperCalc+" */;
			compatibilityVersion = "Xcode 9.3";
			developmentRegion = en;
			hasScannedForEncodings = 0;
			knownRegions = (
				en,
				Base,
			);
			mainGroup = A414549D23A44842003FA791;
			productRefGroup = A41454A723A44842003FA791 /* Products */;
			projectDirPath = "";
			projectRoot = "";
			targets = (
				A41454A523A44842003FA791 /* SuperCalc+ */,
			);
		};
/* End PBXProject section */

/* Begin PBXResourcesBuildPhase section */
		A41454A423A44842003FA791 /* Resources */ = {
			isa = PBXResourcesBuildPhase;
			buildActionMask = 2147483647;
			files = (
				A43E932E24389FAB00884AF8 /* KeypressReturn.mp3 in Resources */,
				A41454B623A44843003FA791 /* LaunchScreen.storyboard in Resources */,
				A43E932B24389FAB00884AF8 /* KeypressStandard.mp3 in Resources */,
				A43E932C24389FAB00884AF8 /* KeypressSpacebar.mp3 in Resources */,
				A41454B323A44843003FA791 /* Assets.xcassets in Resources */,
				A41454B123A44842003FA791 /* Main.storyboard in Resources */,
				A43E932D24389FAB00884AF8 /* KeypressDelete.mp3 in Resources */,
			);
			runOnlyForDeploymentPostprocessing = 0;
		};
/* End PBXResourcesBuildPhase section */

/* Begin PBXSourcesBuildPhase section */
		A41454A223A44842003FA791 /* Sources */ = {
			isa = PBXSourcesBuildPhase;
			buildActionMask = 2147483647;
			files = (
				A41454AE23A44842003FA791 /* ViewController.swift in Sources */,
				A41454AA23A44842003FA791 /* AppDelegate.swift in Sources */,
				A41454AC23A44842003FA791 /* SceneDelegate.swift in Sources */,
			);
			runOnlyForDeploymentPostprocessing = 0;
		};
/* End PBXSourcesBuildPhase section */

/* Begin PBXVariantGroup section */
		A41454AF23A44842003FA791 /* Main.storyboard */ = {
			isa = PBXVariantGroup;
			children = (
				A41454B023A44842003FA791 /* Base */,
			);
			name = Main.storyboard;
			sourceTree = "<group>";
		};
		A41454B423A44843003FA791 /* LaunchScreen.storyboard */ = {
			isa = PBXVariantGroup;
			children = (
				A41454B523A44843003FA791 /* Base */,
			);
			name = LaunchScreen.storyboard;
			sourceTree = "<group>";
		};
/* End PBXVariantGroup section */

/* Begin XCBuildConfiguration section */
		A41454B823A44843003FA791 /* Debug */ = {
			isa = XCBuildConfiguration;
			buildSettings = {
				ALWAYS_SEARCH_USER_PATHS = NO;
				CLANG_ANALYZER_NONNULL = YES;
				CLANG_ANALYZER_NUMBER_OBJECT_CONVERSION = YES_AGGRESSIVE;
				CLANG_CXX_LANGUAGE_STANDARD = "gnu++14";
				CLANG_CXX_LIBRARY = "libc++";
				CLANG_ENABLE_MODULES = YES;
				CLANG_ENABLE_OBJC_ARC = YES;
				CLANG_ENABLE_OBJC_WEAK = YES;
				CLANG_WARN_BLOCK_CAPTURE_AUTORELEASING = YES;
				CLANG_WARN_BOOL_CONVERSION = YES;
				CLANG_WARN_COMMA = YES;
				CLANG_WARN_CONSTANT_CONVERSION = YES;
				CLANG_WARN_DEPRECATED_OBJC_IMPLEMENTATIONS = YES;
				CLANG_WARN_DIRECT_OBJC_ISA_USAGE = YES_ERROR;
				CLANG_WARN_DOCUMENTATION_COMMENTS = YES;
				CLANG_WARN_EMPTY_BODY = YES;
				CLANG_WARN_ENUM_CONVERSION = YES;
				CLANG_WARN_INFINITE_RECURSION = YES;
				CLANG_WARN_INT_CONVERSION = YES;
				CLANG_WARN_NON_LITERAL_NULL_CONVERSION = YES;
				CLANG_WARN_OBJC_IMPLICIT_RETAIN_SELF = YES;
				CLANG_WARN_OBJC_LITERAL_CONVERSION = YES;
				CLANG_WARN_OBJC_ROOT_CLASS = YES_ERROR;
				CLANG_WARN_RANGE_LOOP_ANALYSIS = YES;
				CLANG_WARN_STRICT_PROTOTYPES = YES;
				CLANG_WARN_SUSPICIOUS_MOVE = YES;
				CLANG_WARN_UNGUARDED_AVAILABILITY = YES_AGGRESSIVE;
				CLANG_WARN_UNREACHABLE_CODE = YES;
				CLANG_WARN__DUPLICATE_METHOD_MATCH = YES;
				COPY_PHASE_STRIP = NO;
				DEBUG_INFORMATION_FORMAT = dwarf;
				ENABLE_STRICT_OBJC_MSGSEND = YES;
				ENABLE_TESTABILITY = YES;
				GCC_C_LANGUAGE_STANDARD = gnu11;
				GCC_DYNAMIC_NO_PIC = NO;
				GCC_NO_COMMON_BLOCKS = YES;
				GCC_OPTIMIZATION_LEVEL = 0;
				GCC_PREPROCESSOR_DEFINITIONS = (
					"DEBUG=1",
					"$(inherited)",
				);
				GCC_WARN_64_TO_32_BIT_CONVERSION = YES;
				GCC_WARN_ABOUT_RETURN_TYPE = YES_ERROR;
				GCC_WARN_UNDECLARED_SELECTOR = YES;
				GCC_WARN_UNINITIALIZED_AUTOS = YES_AGGRESSIVE;
				GCC_WARN_UNUSED_FUNCTION = YES;
				GCC_WARN_UNUSED_VARIABLE = YES;
				IPHONEOS_DEPLOYMENT_TARGET = 13.2;
				MTL_ENABLE_DEBUG_INFO = INCLUDE_SOURCE;
				MTL_FAST_MATH = YES;
				ONLY_ACTIVE_ARCH = YES;
				SDKROOT = iphoneos;
				SWIFT_ACTIVE_COMPILATION_CONDITIONS = DEBUG;
				SWIFT_OPTIMIZATION_LEVEL = "-Onone";
			};
			name = Debug;
		};
		A41454B923A44843003FA791 /* Release */ = {
			isa = XCBuildConfiguration;
			buildSettings = {
				ALWAYS_SEARCH_USER_PATHS = NO;
				CLANG_ANALYZER_NONNULL = YES;
				CLANG_ANALYZER_NUMBER_OBJECT_CONVERSION = YES_AGGRESSIVE;
				CLANG_CXX_LANGUAGE_STANDARD = "gnu++14";
				CLANG_CXX_LIBRARY = "libc++";
				CLANG_ENABLE_MODULES = YES;
				CLANG_ENABLE_OBJC_ARC = YES;
				CLANG_ENABLE_OBJC_WEAK = YES;
				CLANG_WARN_BLOCK_CAPTURE_AUTORELEASING = YES;
				CLANG_WARN_BOOL_CONVERSION = YES;
				CLANG_WARN_COMMA = YES;
				CLANG_WARN_CONSTANT_CONVERSION = YES;
				CLANG_WARN_DEPRECATED_OBJC_IMPLEMENTATIONS = YES;
				CLANG_WARN_DIRECT_OBJC_ISA_USAGE = YES_ERROR;
				CLANG_WARN_DOCUMENTATION_COMMENTS = YES;
				CLANG_WARN_EMPTY_BODY = YES;
				CLANG_WARN_ENUM_CONVERSION = YES;
				CLANG_WARN_INFINITE_RECURSION = YES;
				CLANG_WARN_INT_CONVERSION = YES;
				CLANG_WARN_NON_LITERAL_NULL_CONVERSION = YES;
				CLANG_WARN_OBJC_IMPLICIT_RETAIN_SELF = YES;
				CLANG_WARN_OBJC_LITERAL_CONVERSION = YES;
				CLANG_WARN_OBJC_ROOT_CLASS = YES_ERROR;
				CLANG_WARN_RANGE_LOOP_ANALYSIS = YES;
				CLANG_WARN_STRICT_PROTOTYPES = YES;
				CLANG_WARN_SUSPICIOUS_MOVE = YES;
				CLANG_WARN_UNGUARDED_AVAILABILITY = YES_AGGRESSIVE;
				CLANG_WARN_UNREACHABLE_CODE = YES;
				CLANG_WARN__DUPLICATE_METHOD_MATCH = YES;
				COPY_PHASE_STRIP = NO;
				DEBUG_INFORMATION_FORMAT = "dwarf-with-dsym";
				ENABLE_NS_ASSERTIONS = NO;
				ENABLE_STRICT_OBJC_MSGSEND = YES;
				GCC_C_LANGUAGE_STANDARD = gnu11;
				GCC_NO_COMMON_BLOCKS = YES;
				GCC_WARN_64_TO_32_BIT_CONVERSION = YES;
				GCC_WARN_ABOUT_RETURN_TYPE = YES_ERROR;
				GCC_WARN_UNDECLARED_SELECTOR = YES;
				GCC_WARN_UNINITIALIZED_AUTOS = YES_AGGRESSIVE;
				GCC_WARN_UNUSED_FUNCTION = YES;
				GCC_WARN_UNUSED_VARIABLE = YES;
				IPHONEOS_DEPLOYMENT_TARGET = 13.2;
				MTL_ENABLE_DEBUG_INFO = NO;
				MTL_FAST_MATH = YES;
				SDKROOT = iphoneos;
				SWIFT_COMPILATION_MODE = wholemodule;
				SWIFT_OPTIMIZATION_LEVEL = "-O";
				VALIDATE_PRODUCT = YES;
			};
			name = Release;
		};
		A41454BB23A44843003FA791 /* Debug */ = {
			isa = XCBuildConfiguration;
			buildSettings = {
				ASSETCATALOG_COMPILER_APPICON_NAME = AppIcon;
				CODE_SIGN_STYLE = Automatic;
				DEVELOPMENT_TEAM = HPW4K7SFXL;
				INFOPLIST_FILE = "SuperCalc+/Info.plist";
				LD_RUNPATH_SEARCH_PATHS = (
					"$(inherited)",
					"@executable_path/Frameworks",
				);
				PRODUCT_BUNDLE_IDENTIFIER = "com.adithyanair.SuperCalc-";
				PRODUCT_NAME = "$(TARGET_NAME)";
				SWIFT_VERSION = 5.0;
				TARGETED_DEVICE_FAMILY = "1,2";
			};
			name = Debug;
		};
		A41454BC23A44843003FA791 /* Release */ = {
			isa = XCBuildConfiguration;
			buildSettings = {
				ASSETCATALOG_COMPILER_APPICON_NAME = AppIcon;
				CODE_SIGN_STYLE = Automatic;
				DEVELOPMENT_TEAM = HPW4K7SFXL;
				INFOPLIST_FILE = "SuperCalc+/Info.plist";
				LD_RUNPATH_SEARCH_PATHS = (
					"$(inherited)",
					"@executable_path/Frameworks",
				);
				PRODUCT_BUNDLE_IDENTIFIER = "com.adithyanair.SuperCalc-";
				PRODUCT_NAME = "$(TARGET_NAME)";
				SWIFT_VERSION = 5.0;
				TARGETED_DEVICE_FAMILY = "1,2";
			};
			name = Release;
		};
/* End XCBuildConfiguration section */

/* Begin XCConfigurationList section */
		A41454A123A44842003FA791 /* Build configuration list for PBXProject "SuperCalc+" */ = {
			isa = XCConfigurationList;
			buildConfigurations = (
				A41454B823A44843003FA791 /* Debug */,
				A41454B923A44843003FA791 /* Release */,
			);
			defaultConfigurationIsVisible = 0;
			defaultConfigurationName = Release;
		};
		A41454BA23A44843003FA791 /* Build configuration list for PBXNativeTarget "SuperCalc+" */ = {
			isa = XCConfigurationList;
			buildConfigurations = (
				A41454BB23A44843003FA791 /* Debug */,
				A41454BC23A44843003FA791 /* Release */,
			);
			defaultConfigurationIsVisible = 0;
			defaultConfigurationName = Release;
		};
/* End XCConfigurationList section */
	};
	rootObject = A414549E23A44842003FA791 /* Project object */;
}
